
Microsoft Visual Studio Solution File, Format Version 12.00
# Visual Studio Version 16
VisualStudioVersion = 16.0.29424.173
MinimumVisualStudioVersion = 10.0.40219.1
Project("{FAE04EC0-301F-11D3-BF4B-00C04F79EFBC}") = "20202c-Clase5-LayoutsValidaciones", "20202c-Clase5-LayoutsValidaciones\20202c-Clase5-LayoutsValidaciones.csproj", "{2913D1DE-26B1-4CD0-9F2D-A31CBF2B0FA5}"
EndProject
Global
	GlobalSection(SolutionConfigurationPlatforms) = preSolution
		Debug|Any CPU = Debug|Any CPU
		Release|Any CPU = Release|Any CPU
	EndGlobalSection
	GlobalSection(ProjectConfigurationPlatforms) = postSolution
		{2913D1DE-26B1-4CD0-9F2D-A31CBF2B0FA5}.Debug|Any CPU.ActiveCfg = Debug|Any CPU
		{2913D1DE-26B1-4CD0-9F2D-A31CBF2B0FA5}.Debug|Any CPU.Build.0 = Debug|Any CPU
		{2913D1DE-26B1-4CD0-9F2D-A31CBF2B0FA5}.Release|Any CPU.ActiveCfg = Release|Any CPU
		{2913D1DE-26B1-4CD0-9F2D-A31CBF2B0FA5}.Release|Any CPU.Build.0 = Release|Any CPU
	EndGlobalSection
	GlobalSection(SolutionProperties) = preSolution
		HideSolutionNode = FALSE
	EndGlobalSection
	GlobalSection(ExtensibilityGlobals) = postSolution
		SolutionGuid = {EB4372D1-B91D-4B03-B13E-F0204C3E915F}
	EndGlobalSection
EndGlobal
